
Microsoft Visual Studio Solution File, Format Version 12.00
# Visual Studio Version 17
VisualStudioVersion = 17.13.35806.99 d17.13
MinimumVisualStudioVersion = 10.0.40219.1
Project("{FAE04EC0-301F-11D3-BF4B-00C04F79EFBC}") = "Bubble", "Bubble.csproj", "{6FC52C22-0937-4BA7-9A4D-4A89EA4DC702}"
EndProject
Global
	GlobalSection(SolutionConfigurationPlatforms) = preSolution
		Debug|Any CPU = Debug|Any CPU
		Release|Any CPU = Release|Any CPU
	EndGlobalSection
	GlobalSection(ProjectConfigurationPlatforms) = postSolution
		{6FC52C22-0937-4BA7-9A4D-4A89EA4DC702}.Debug|Any CPU.ActiveCfg = Debug|Any CPU
		{6FC52C22-0937-4BA7-9A4D-4A89EA4DC702}.Debug|Any CPU.Build.0 = Debug|Any CPU
		{6FC52C22-0937-4BA7-9A4D-4A89EA4DC702}.Release|Any CPU.ActiveCfg = Release|Any CPU
		{6FC52C22-0937-4BA7-9A4D-4A89EA4DC702}.Release|Any CPU.Build.0 = Release|Any CPU
	EndGlobalSection
	GlobalSection(SolutionProperties) = preSolution
		HideSolutionNode = FALSE
	EndGlobalSection
	GlobalSection(ExtensibilityGlobals) = postSolution
		SolutionGuid = {00900D6D-52A3-482C-ADAD-CDD4EBBDE1F5}
	EndGlobalSection
EndGlobal
